// !$*UTF8*$!
{
	archiveVersion = 1;
	classes = {
	};
	objectVersion = 56;
	objects = {

/* Begin PBXBuildFile section */
		0656702C2CB7B61B00CF58CB /* PosterCollectionCell.swift in Sources */ = {isa = PBXBuildFile; fileRef = 0656702B2CB7B61B00CF58CB /* PosterCollectionCell.swift */; };
		0656702E2CB7CE2000CF58CB /* recommendCollectionCell.swift in Sources */ = {isa = PBXBuildFile; fileRef = 0656702D2CB7CE2000CF58CB /* recommendCollectionCell.swift */; };
		065670302CB7E62900CF58CB /* CollectionType.swift in Sources */ = {isa = PBXBuildFile; fileRef = 0656702F2CB7E62900CF58CB /* CollectionType.swift */; };
		065670322CB7E7A100CF58CB /* UITextField+.swift in Sources */ = {isa = PBXBuildFile; fileRef = 065670312CB7E7A100CF58CB /* UITextField+.swift */; };
		065670342CB7FB7500CF58CB /* BaseTableViewCell.swift in Sources */ = {isa = PBXBuildFile; fileRef = 065670332CB7FB7500CF58CB /* BaseTableViewCell.swift */; };
		065670A62CBACB6E00CF58CB /* TrendginVM.swift in Sources */ = {isa = PBXBuildFile; fileRef = 065670A52CBACB6E00CF58CB /* TrendginVM.swift */; };
		065670A82CBACDAF00CF58CB /* CustomAlert.swift in Sources */ = {isa = PBXBuildFile; fileRef = 065670A72CBACDAF00CF58CB /* CustomAlert.swift */; };
		065670AA2CBBAB2000CF58CB /* AlertType.swift in Sources */ = {isa = PBXBuildFile; fileRef = 065670A92CBBAB2000CF58CB /* AlertType.swift */; };
		065670B02CBBD1DF00CF58CB /* SearchVM.swift in Sources */ = {isa = PBXBuildFile; fileRef = 065670AF2CBBD1DF00CF58CB /* SearchVM.swift */; };
		06B527F32CB51E2C001B36DF /* AppDelegate.swift in Sources */ = {isa = PBXBuildFile; fileRef = 06B527F22CB51E2C001B36DF /* AppDelegate.swift */; };
		06B527F52CB51E2C001B36DF /* SceneDelegate.swift in Sources */ = {isa = PBXBuildFile; fileRef = 06B527F42CB51E2C001B36DF /* SceneDelegate.swift */; };
		06B527FC2CB51E2E001B36DF /* Assets.xcassets in Resources */ = {isa = PBXBuildFile; fileRef = 06B527FB2CB51E2E001B36DF /* Assets.xcassets */; };
		06B527FF2CB51E2E001B36DF /* Base in Resources */ = {isa = PBXBuildFile; fileRef = 06B527FE2CB51E2E001B36DF /* Base */; };
		06B528072CB51E4B001B36DF /* .gitignore in Resources */ = {isa = PBXBuildFile; fileRef = 06B528062CB51E4B001B36DF /* .gitignore */; };
		06B5280B2CB52081001B36DF /* Kingfisher in Frameworks */ = {isa = PBXBuildFile; productRef = 06B5280A2CB52081001B36DF /* Kingfisher */; };
		06B5280E2CB52096001B36DF /* RealmSwift in Frameworks */ = {isa = PBXBuildFile; productRef = 06B5280D2CB52096001B36DF /* RealmSwift */; };
		06B528112CB520BF001B36DF /* Moya in Frameworks */ = {isa = PBXBuildFile; productRef = 06B528102CB520BF001B36DF /* Moya */; };
		06B528142CB520CD001B36DF /* SnapKit in Frameworks */ = {isa = PBXBuildFile; productRef = 06B528132CB520CD001B36DF /* SnapKit */; };
		06B528172CB520FA001B36DF /* RxCocoa in Frameworks */ = {isa = PBXBuildFile; productRef = 06B528162CB520FA001B36DF /* RxCocoa */; };
		06B528192CB520FA001B36DF /* RxSwift in Frameworks */ = {isa = PBXBuildFile; productRef = 06B528182CB520FA001B36DF /* RxSwift */; };
		06B5281C2CB52125001B36DF /* IQKeyboardManagerSwift in Frameworks */ = {isa = PBXBuildFile; productRef = 06B5281B2CB52125001B36DF /* IQKeyboardManagerSwift */; };
		06B5281D2CB53787001B36DF /* RealmSwift in Embed Frameworks */ = {isa = PBXBuildFile; productRef = 06B5280D2CB52096001B36DF /* RealmSwift */; settings = {ATTRIBUTES = (CodeSignOnCopy, ); }; };
		06B528232CB53969001B36DF /* TabBarController.swift in Sources */ = {isa = PBXBuildFile; fileRef = 06B528222CB53969001B36DF /* TabBarController.swift */; };
		06B528252CB53995001B36DF /* TrendingVC.swift in Sources */ = {isa = PBXBuildFile; fileRef = 06B528242CB53995001B36DF /* TrendingVC.swift */; };
		06B528272CB5399E001B36DF /* SearchVC.swift in Sources */ = {isa = PBXBuildFile; fileRef = 06B528262CB5399E001B36DF /* SearchVC.swift */; };
		06B528292CB539A3001B36DF /* LikeVC.swift in Sources */ = {isa = PBXBuildFile; fileRef = 06B528282CB539A3001B36DF /* LikeVC.swift */; };
		06B528342CB6B1C8001B36DF /* BaseView.swift in Sources */ = {isa = PBXBuildFile; fileRef = 06B5282F2CB6B1C7001B36DF /* BaseView.swift */; };
		06B528352CB6B1C8001B36DF /* BaseCollectioViewCell.swift in Sources */ = {isa = PBXBuildFile; fileRef = 06B528302CB6B1C7001B36DF /* BaseCollectioViewCell.swift */; };
		06B528372CB6B1C8001B36DF /* BaseViewModel.swift in Sources */ = {isa = PBXBuildFile; fileRef = 06B528322CB6B1C7001B36DF /* BaseViewModel.swift */; };
		06B528382CB6B1C8001B36DF /* BaseViewController.swift in Sources */ = {isa = PBXBuildFile; fileRef = 06B528332CB6B1C8001B36DF /* BaseViewController.swift */; };
		06B5283B2CB6B22B001B36DF /* ReuseIdentifier+.swift in Sources */ = {isa = PBXBuildFile; fileRef = 06B5283A2CB6B22B001B36DF /* ReuseIdentifier+.swift */; };
		06B5283D2CB6B239001B36DF /* UIColor+.swift in Sources */ = {isa = PBXBuildFile; fileRef = 06B5283C2CB6B239001B36DF /* UIColor+.swift */; };
		06B5283F2CB6B247001B36DF /* Font+.swift in Sources */ = {isa = PBXBuildFile; fileRef = 06B5283E2CB6B247001B36DF /* Font+.swift */; };
		06B528412CB6B273001B36DF /* FetchImageProtocol.swift in Sources */ = {isa = PBXBuildFile; fileRef = 06B528402CB6B273001B36DF /* FetchImageProtocol.swift */; };
		06B528432CB6B551001B36DF /* UIImage+.swift in Sources */ = {isa = PBXBuildFile; fileRef = 06B528422CB6B551001B36DF /* UIImage+.swift */; };
		06B528462CB6B73B001B36DF /* DetailVC.swift in Sources */ = {isa = PBXBuildFile; fileRef = 06B528452CB6B73B001B36DF /* DetailVC.swift */; };
		CCD50C572CBBA0AB00E9AF74 /* APIKey.swift in Sources */ = {isa = PBXBuildFile; fileRef = CCD50C562CBBA0AB00E9AF74 /* APIKey.swift */; };
		CCD50C5F2CBBA22100E9AF74 /* MediaSearchResultDTO.swift in Sources */ = {isa = PBXBuildFile; fileRef = CCD50C5E2CBBA22100E9AF74 /* MediaSearchResultDTO.swift */; };
		CCD50C612CBBA26400E9AF74 /* CompactMediaDTO.swift in Sources */ = {isa = PBXBuildFile; fileRef = CCD50C602CBBA26400E9AF74 /* CompactMediaDTO.swift */; };
		CCD50C632CBBA47100E9AF74 /* SimilarMediaListDTO.swift in Sources */ = {isa = PBXBuildFile; fileRef = CCD50C622CBBA47100E9AF74 /* SimilarMediaListDTO.swift */; };
		CCD50C672CBBA50300E9AF74 /* TrendMediaListDTO.swift in Sources */ = {isa = PBXBuildFile; fileRef = CCD50C662CBBA50300E9AF74 /* TrendMediaListDTO.swift */; };
		CCD50C692CBBA53200E9AF74 /* MediaDetailDTO.swift in Sources */ = {isa = PBXBuildFile; fileRef = CCD50C682CBBA53200E9AF74 /* MediaDetailDTO.swift */; };
		CCD50C6D2CBBAABA00E9AF74 /* TMDBRequest.swift in Sources */ = {isa = PBXBuildFile; fileRef = CCD50C6C2CBBAABA00E9AF74 /* TMDBRequest.swift */; };
		CCD50C6F2CBBB20F00E9AF74 /* MediaDataSource.swift in Sources */ = {isa = PBXBuildFile; fileRef = CCD50C6E2CBBB20F00E9AF74 /* MediaDataSource.swift */; };
		CCD50C712CBBB4B500E9AF74 /* CastingListDTO.swift in Sources */ = {isa = PBXBuildFile; fileRef = CCD50C702CBBB4B500E9AF74 /* CastingListDTO.swift */; };
		CCD50C742CBBC24A00E9AF74 /* DefaultTrendRepository.swift in Sources */ = {isa = PBXBuildFile; fileRef = CCD50C732CBBC24A00E9AF74 /* DefaultTrendRepository.swift */; };
		CCD50C772CBBD48B00E9AF74 /* FavoriteMovieDTO.swift in Sources */ = {isa = PBXBuildFile; fileRef = CCD50C762CBBD48B00E9AF74 /* FavoriteMovieDTO.swift */; };
		CCD50C7B2CBBD55500E9AF74 /* FavoriteMovieDataSource.swift in Sources */ = {isa = PBXBuildFile; fileRef = CCD50C7A2CBBD55500E9AF74 /* FavoriteMovieDataSource.swift */; };
		CCD50C7F2CBBDA9600E9AF74 /* DefaultFavoriteRepository.swift in Sources */ = {isa = PBXBuildFile; fileRef = CCD50C7E2CBBDA9600E9AF74 /* DefaultFavoriteRepository.swift */; };
		CEBC665E2CB926D800DBD2DB /* CompactMedia.swift in Sources */ = {isa = PBXBuildFile; fileRef = CEBC665D2CB926D800DBD2DB /* CompactMedia.swift */; };
		CEBC66602CB926F700DBD2DB /* DetailMedia.swift in Sources */ = {isa = PBXBuildFile; fileRef = CEBC665F2CB926F700DBD2DB /* DetailMedia.swift */; };
		CEBC66642CB93C6D00DBD2DB /* MediaType.swift in Sources */ = {isa = PBXBuildFile; fileRef = CEBC66632CB93C6D00DBD2DB /* MediaType.swift */; };
		CEED57DF2CB7BF34007D7487 /* MediaContent.swift in Sources */ = {isa = PBXBuildFile; fileRef = CEED57DE2CB7BF34007D7487 /* MediaContent.swift */; };
		CEED57E32CB7F221007D7487 /* HomeUseCase.swift in Sources */ = {isa = PBXBuildFile; fileRef = CEED57E22CB7F221007D7487 /* HomeUseCase.swift */; };
		CEED57E52CB7F2B0007D7487 /* SearchUseCase.swift in Sources */ = {isa = PBXBuildFile; fileRef = CEED57E42CB7F2B0007D7487 /* SearchUseCase.swift */; };
		CEED57E72CB7F2CA007D7487 /* FavoriteUseCase.swift in Sources */ = {isa = PBXBuildFile; fileRef = CEED57E62CB7F2CA007D7487 /* FavoriteUseCase.swift */; };
		CEED57E92CB7F2D3007D7487 /* DetailUseCase.swift in Sources */ = {isa = PBXBuildFile; fileRef = CEED57E82CB7F2D3007D7487 /* DetailUseCase.swift */; };
		CEED57EB2CB805A4007D7487 /* FavoriteRepository.swift in Sources */ = {isa = PBXBuildFile; fileRef = CEED57EA2CB805A4007D7487 /* FavoriteRepository.swift */; };
		CEED57ED2CB805B2007D7487 /* TrendRepository.swift in Sources */ = {isa = PBXBuildFile; fileRef = CEED57EC2CB805B2007D7487 /* TrendRepository.swift */; };
		CEED57EF2CB805BB007D7487 /* SearchRepository.swift in Sources */ = {isa = PBXBuildFile; fileRef = CEED57EE2CB805BB007D7487 /* SearchRepository.swift */; };
		CEED57F12CB805C3007D7487 /* DetailRepository.swift in Sources */ = {isa = PBXBuildFile; fileRef = CEED57F02CB805C3007D7487 /* DetailRepository.swift */; };
		CEED57F32CB80C87007D7487 /* SimilarRepository.swift in Sources */ = {isa = PBXBuildFile; fileRef = CEED57F22CB80C87007D7487 /* SimilarRepository.swift */; };
/* End PBXBuildFile section */

/* Begin PBXCopyFilesBuildPhase section */
		06B5281E2CB53787001B36DF /* Embed Frameworks */ = {
			isa = PBXCopyFilesBuildPhase;
			buildActionMask = 2147483647;
			dstPath = "";
			dstSubfolderSpec = 10;
			files = (
				06B5281D2CB53787001B36DF /* RealmSwift in Embed Frameworks */,
			);
			name = "Embed Frameworks";
			runOnlyForDeploymentPostprocessing = 0;
		};
/* End PBXCopyFilesBuildPhase section */

/* Begin PBXFileReference section */
		0656702B2CB7B61B00CF58CB /* PosterCollectionCell.swift */ = {isa = PBXFileReference; lastKnownFileType = sourcecode.swift; path = PosterCollectionCell.swift; sourceTree = "<group>"; };
		0656702D2CB7CE2000CF58CB /* recommendCollectionCell.swift */ = {isa = PBXFileReference; lastKnownFileType = sourcecode.swift; path = recommendCollectionCell.swift; sourceTree = "<group>"; };
		0656702F2CB7E62900CF58CB /* CollectionType.swift */ = {isa = PBXFileReference; lastKnownFileType = sourcecode.swift; path = CollectionType.swift; sourceTree = "<group>"; };
		065670312CB7E7A100CF58CB /* UITextField+.swift */ = {isa = PBXFileReference; lastKnownFileType = sourcecode.swift; path = "UITextField+.swift"; sourceTree = "<group>"; };
		065670332CB7FB7500CF58CB /* BaseTableViewCell.swift */ = {isa = PBXFileReference; lastKnownFileType = sourcecode.swift; path = BaseTableViewCell.swift; sourceTree = "<group>"; };
		065670A52CBACB6E00CF58CB /* TrendginVM.swift */ = {isa = PBXFileReference; lastKnownFileType = sourcecode.swift; path = TrendginVM.swift; sourceTree = "<group>"; };
		065670A72CBACDAF00CF58CB /* CustomAlert.swift */ = {isa = PBXFileReference; lastKnownFileType = sourcecode.swift; path = CustomAlert.swift; sourceTree = "<group>"; };
		065670A92CBBAB2000CF58CB /* AlertType.swift */ = {isa = PBXFileReference; lastKnownFileType = sourcecode.swift; path = AlertType.swift; sourceTree = "<group>"; };
		065670AF2CBBD1DF00CF58CB /* SearchVM.swift */ = {isa = PBXFileReference; lastKnownFileType = sourcecode.swift; path = SearchVM.swift; sourceTree = "<group>"; };
		06B527EF2CB51E2C001B36DF /* MangomMovie.app */ = {isa = PBXFileReference; explicitFileType = wrapper.application; includeInIndex = 0; path = MangomMovie.app; sourceTree = BUILT_PRODUCTS_DIR; };
		06B527F22CB51E2C001B36DF /* AppDelegate.swift */ = {isa = PBXFileReference; lastKnownFileType = sourcecode.swift; path = AppDelegate.swift; sourceTree = "<group>"; };
		06B527F42CB51E2C001B36DF /* SceneDelegate.swift */ = {isa = PBXFileReference; lastKnownFileType = sourcecode.swift; path = SceneDelegate.swift; sourceTree = "<group>"; };
		06B527FB2CB51E2E001B36DF /* Assets.xcassets */ = {isa = PBXFileReference; lastKnownFileType = folder.assetcatalog; path = Assets.xcassets; sourceTree = "<group>"; };
		06B527FE2CB51E2E001B36DF /* Base */ = {isa = PBXFileReference; lastKnownFileType = file.storyboard; name = Base; path = Base.lproj/LaunchScreen.storyboard; sourceTree = "<group>"; };
		06B528002CB51E2E001B36DF /* Info.plist */ = {isa = PBXFileReference; lastKnownFileType = text.plist.xml; path = Info.plist; sourceTree = "<group>"; };
		06B528062CB51E4B001B36DF /* .gitignore */ = {isa = PBXFileReference; lastKnownFileType = text; path = .gitignore; sourceTree = "<group>"; };
		06B528222CB53969001B36DF /* TabBarController.swift */ = {isa = PBXFileReference; lastKnownFileType = sourcecode.swift; path = TabBarController.swift; sourceTree = "<group>"; };
		06B528242CB53995001B36DF /* TrendingVC.swift */ = {isa = PBXFileReference; lastKnownFileType = sourcecode.swift; path = TrendingVC.swift; sourceTree = "<group>"; };
		06B528262CB5399E001B36DF /* SearchVC.swift */ = {isa = PBXFileReference; lastKnownFileType = sourcecode.swift; path = SearchVC.swift; sourceTree = "<group>"; };
		06B528282CB539A3001B36DF /* LikeVC.swift */ = {isa = PBXFileReference; lastKnownFileType = sourcecode.swift; path = LikeVC.swift; sourceTree = "<group>"; };
		06B5282F2CB6B1C7001B36DF /* BaseView.swift */ = {isa = PBXFileReference; fileEncoding = 4; lastKnownFileType = sourcecode.swift; path = BaseView.swift; sourceTree = "<group>"; };
		06B528302CB6B1C7001B36DF /* BaseCollectioViewCell.swift */ = {isa = PBXFileReference; fileEncoding = 4; lastKnownFileType = sourcecode.swift; path = BaseCollectioViewCell.swift; sourceTree = "<group>"; };
		06B528322CB6B1C7001B36DF /* BaseViewModel.swift */ = {isa = PBXFileReference; fileEncoding = 4; lastKnownFileType = sourcecode.swift; path = BaseViewModel.swift; sourceTree = "<group>"; };
		06B528332CB6B1C8001B36DF /* BaseViewController.swift */ = {isa = PBXFileReference; fileEncoding = 4; lastKnownFileType = sourcecode.swift; path = BaseViewController.swift; sourceTree = "<group>"; };
		06B5283A2CB6B22B001B36DF /* ReuseIdentifier+.swift */ = {isa = PBXFileReference; fileEncoding = 4; lastKnownFileType = sourcecode.swift; path = "ReuseIdentifier+.swift"; sourceTree = "<group>"; };
		06B5283C2CB6B239001B36DF /* UIColor+.swift */ = {isa = PBXFileReference; fileEncoding = 4; lastKnownFileType = sourcecode.swift; path = "UIColor+.swift"; sourceTree = "<group>"; };
		06B5283E2CB6B247001B36DF /* Font+.swift */ = {isa = PBXFileReference; fileEncoding = 4; lastKnownFileType = sourcecode.swift; path = "Font+.swift"; sourceTree = "<group>"; };
		06B528402CB6B273001B36DF /* FetchImageProtocol.swift */ = {isa = PBXFileReference; fileEncoding = 4; lastKnownFileType = sourcecode.swift; path = FetchImageProtocol.swift; sourceTree = "<group>"; };
		06B528422CB6B551001B36DF /* UIImage+.swift */ = {isa = PBXFileReference; lastKnownFileType = sourcecode.swift; path = "UIImage+.swift"; sourceTree = "<group>"; };
		06B528452CB6B73B001B36DF /* DetailVC.swift */ = {isa = PBXFileReference; lastKnownFileType = sourcecode.swift; path = DetailVC.swift; sourceTree = "<group>"; };
		CCD50C562CBBA0AB00E9AF74 /* APIKey.swift */ = {isa = PBXFileReference; lastKnownFileType = sourcecode.swift; path = APIKey.swift; sourceTree = "<group>"; };
		CCD50C5E2CBBA22100E9AF74 /* MediaSearchResultDTO.swift */ = {isa = PBXFileReference; lastKnownFileType = sourcecode.swift; path = MediaSearchResultDTO.swift; sourceTree = "<group>"; };
		CCD50C602CBBA26400E9AF74 /* CompactMediaDTO.swift */ = {isa = PBXFileReference; lastKnownFileType = sourcecode.swift; path = CompactMediaDTO.swift; sourceTree = "<group>"; };
		CCD50C622CBBA47100E9AF74 /* SimilarMediaListDTO.swift */ = {isa = PBXFileReference; lastKnownFileType = sourcecode.swift; path = SimilarMediaListDTO.swift; sourceTree = "<group>"; };
		CCD50C662CBBA50300E9AF74 /* TrendMediaListDTO.swift */ = {isa = PBXFileReference; lastKnownFileType = sourcecode.swift; path = TrendMediaListDTO.swift; sourceTree = "<group>"; };
		CCD50C682CBBA53200E9AF74 /* MediaDetailDTO.swift */ = {isa = PBXFileReference; lastKnownFileType = sourcecode.swift; path = MediaDetailDTO.swift; sourceTree = "<group>"; };
		CCD50C6C2CBBAABA00E9AF74 /* TMDBRequest.swift */ = {isa = PBXFileReference; lastKnownFileType = sourcecode.swift; path = TMDBRequest.swift; sourceTree = "<group>"; };
		CCD50C6E2CBBB20F00E9AF74 /* MediaDataSource.swift */ = {isa = PBXFileReference; lastKnownFileType = sourcecode.swift; path = MediaDataSource.swift; sourceTree = "<group>"; };
		CCD50C702CBBB4B500E9AF74 /* CastingListDTO.swift */ = {isa = PBXFileReference; lastKnownFileType = sourcecode.swift; path = CastingListDTO.swift; sourceTree = "<group>"; };
		CCD50C732CBBC24A00E9AF74 /* DefaultTrendRepository.swift */ = {isa = PBXFileReference; lastKnownFileType = sourcecode.swift; path = DefaultTrendRepository.swift; sourceTree = "<group>"; };
		CCD50C762CBBD48B00E9AF74 /* FavoriteMovieDTO.swift */ = {isa = PBXFileReference; lastKnownFileType = sourcecode.swift; path = FavoriteMovieDTO.swift; sourceTree = "<group>"; };
		CCD50C7A2CBBD55500E9AF74 /* FavoriteMovieDataSource.swift */ = {isa = PBXFileReference; lastKnownFileType = sourcecode.swift; path = FavoriteMovieDataSource.swift; sourceTree = "<group>"; };
		CCD50C7E2CBBDA9600E9AF74 /* DefaultFavoriteRepository.swift */ = {isa = PBXFileReference; lastKnownFileType = sourcecode.swift; path = DefaultFavoriteRepository.swift; sourceTree = "<group>"; };
		CEBC665D2CB926D800DBD2DB /* CompactMedia.swift */ = {isa = PBXFileReference; lastKnownFileType = sourcecode.swift; path = CompactMedia.swift; sourceTree = "<group>"; };
		CEBC665F2CB926F700DBD2DB /* DetailMedia.swift */ = {isa = PBXFileReference; lastKnownFileType = sourcecode.swift; path = DetailMedia.swift; sourceTree = "<group>"; };
		CEBC66632CB93C6D00DBD2DB /* MediaType.swift */ = {isa = PBXFileReference; lastKnownFileType = sourcecode.swift; path = MediaType.swift; sourceTree = "<group>"; };
		CEED57DE2CB7BF34007D7487 /* MediaContent.swift */ = {isa = PBXFileReference; lastKnownFileType = sourcecode.swift; path = MediaContent.swift; sourceTree = "<group>"; };
		CEED57E22CB7F221007D7487 /* HomeUseCase.swift */ = {isa = PBXFileReference; lastKnownFileType = sourcecode.swift; path = HomeUseCase.swift; sourceTree = "<group>"; };
		CEED57E42CB7F2B0007D7487 /* SearchUseCase.swift */ = {isa = PBXFileReference; lastKnownFileType = sourcecode.swift; path = SearchUseCase.swift; sourceTree = "<group>"; };
		CEED57E62CB7F2CA007D7487 /* FavoriteUseCase.swift */ = {isa = PBXFileReference; lastKnownFileType = sourcecode.swift; path = FavoriteUseCase.swift; sourceTree = "<group>"; };
		CEED57E82CB7F2D3007D7487 /* DetailUseCase.swift */ = {isa = PBXFileReference; lastKnownFileType = sourcecode.swift; path = DetailUseCase.swift; sourceTree = "<group>"; };
		CEED57EA2CB805A4007D7487 /* FavoriteRepository.swift */ = {isa = PBXFileReference; lastKnownFileType = sourcecode.swift; path = FavoriteRepository.swift; sourceTree = "<group>"; };
		CEED57EC2CB805B2007D7487 /* TrendRepository.swift */ = {isa = PBXFileReference; lastKnownFileType = sourcecode.swift; path = TrendRepository.swift; sourceTree = "<group>"; };
		CEED57EE2CB805BB007D7487 /* SearchRepository.swift */ = {isa = PBXFileReference; lastKnownFileType = sourcecode.swift; path = SearchRepository.swift; sourceTree = "<group>"; };
		CEED57F02CB805C3007D7487 /* DetailRepository.swift */ = {isa = PBXFileReference; lastKnownFileType = sourcecode.swift; path = DetailRepository.swift; sourceTree = "<group>"; };
		CEED57F22CB80C87007D7487 /* SimilarRepository.swift */ = {isa = PBXFileReference; lastKnownFileType = sourcecode.swift; path = SimilarRepository.swift; sourceTree = "<group>"; };
/* End PBXFileReference section */

/* Begin PBXFrameworksBuildPhase section */
		06B527EC2CB51E2C001B36DF /* Frameworks */ = {
			isa = PBXFrameworksBuildPhase;
			buildActionMask = 2147483647;
			files = (
				06B5281C2CB52125001B36DF /* IQKeyboardManagerSwift in Frameworks */,
				06B528192CB520FA001B36DF /* RxSwift in Frameworks */,
				06B5280E2CB52096001B36DF /* RealmSwift in Frameworks */,
				06B528142CB520CD001B36DF /* SnapKit in Frameworks */,
				06B528172CB520FA001B36DF /* RxCocoa in Frameworks */,
				06B5280B2CB52081001B36DF /* Kingfisher in Frameworks */,
				06B528112CB520BF001B36DF /* Moya in Frameworks */,
			);
			runOnlyForDeploymentPostprocessing = 0;
		};
/* End PBXFrameworksBuildPhase section */

/* Begin PBXGroup section */
		06B527E62CB51E2C001B36DF = {
			isa = PBXGroup;
			children = (
				06B528062CB51E4B001B36DF /* .gitignore */,
				06B527F12CB51E2C001B36DF /* MangomMovie */,
				06B527F02CB51E2C001B36DF /* Products */,
			);
			sourceTree = "<group>";
		};
		06B527F02CB51E2C001B36DF /* Products */ = {
			isa = PBXGroup;
			children = (
				06B527EF2CB51E2C001B36DF /* MangomMovie.app */,
			);
			name = Products;
			sourceTree = "<group>";
		};
		06B527F12CB51E2C001B36DF /* MangomMovie */ = {
			isa = PBXGroup;
			children = (
				CCD50C582CBBA0F100E9AF74 /* Data */,
				06B527F22CB51E2C001B36DF /* AppDelegate.swift */,
				06B527F42CB51E2C001B36DF /* SceneDelegate.swift */,
				CEED57C72CB78801007D7487 /* Domain */,
				06B528082CB51EF1001B36DF /* Presentation */,
				06B527FB2CB51E2E001B36DF /* Assets.xcassets */,
				06B527FD2CB51E2E001B36DF /* LaunchScreen.storyboard */,
				06B528002CB51E2E001B36DF /* Info.plist */,
				CCD50C562CBBA0AB00E9AF74 /* APIKey.swift */,
			);
			path = MangomMovie;
			sourceTree = "<group>";
		};
		06B528082CB51EF1001B36DF /* Presentation */ = {
			isa = PBXGroup;
			children = (
				06B5282C2CB53D15001B36DF /* Components */,
				06B5282A2CB53CF4001B36DF /* Utils */,
				06B5282B2CB53D0C001B36DF /* Screens */,
			);
			path = Presentation;
			sourceTree = "<group>";
		};
		06B5281F2CB538B8001B36DF /* Like */ = {
			isa = PBXGroup;
			children = (
				06B528282CB539A3001B36DF /* LikeVC.swift */,
			);
			path = Like;
			sourceTree = "<group>";
		};
		06B528202CB53921001B36DF /* Search */ = {
			isa = PBXGroup;
			children = (
				0656702F2CB7E62900CF58CB /* CollectionType.swift */,
				06B528262CB5399E001B36DF /* SearchVC.swift */,
				065670AF2CBBD1DF00CF58CB /* SearchVM.swift */,
			);
			path = Search;
			sourceTree = "<group>";
		};
		06B528212CB5392E001B36DF /* Trending */ = {
			isa = PBXGroup;
			children = (
				06B528242CB53995001B36DF /* TrendingVC.swift */,
				065670A52CBACB6E00CF58CB /* TrendginVM.swift */,
			);
			path = Trending;
			sourceTree = "<group>";
		};
		06B5282A2CB53CF4001B36DF /* Utils */ = {
			isa = PBXGroup;
			children = (
				06B528392CB6B219001B36DF /* Extension+ */,
			);
			path = Utils;
			sourceTree = "<group>";
		};
		06B5282B2CB53D0C001B36DF /* Screens */ = {
			isa = PBXGroup;
			children = (
				06B528212CB5392E001B36DF /* Trending */,
				06B528202CB53921001B36DF /* Search */,
				06B5281F2CB538B8001B36DF /* Like */,
				06B528442CB6B70C001B36DF /* Detail */,
			);
			path = Screens;
			sourceTree = "<group>";
		};
		06B5282C2CB53D15001B36DF /* Components */ = {
			isa = PBXGroup;
			children = (
				06B528222CB53969001B36DF /* TabBarController.swift */,
				06B5282E2CB53D35001B36DF /* Common */,
				06B5282D2CB53D1E001B36DF /* Base */,
			);
			path = Components;
			sourceTree = "<group>";
		};
		06B5282D2CB53D1E001B36DF /* Base */ = {
			isa = PBXGroup;
			children = (
				06B528332CB6B1C8001B36DF /* BaseViewController.swift */,
				06B5282F2CB6B1C7001B36DF /* BaseView.swift */,
				06B528302CB6B1C7001B36DF /* BaseCollectioViewCell.swift */,
				06B528322CB6B1C7001B36DF /* BaseViewModel.swift */,
				06B528402CB6B273001B36DF /* FetchImageProtocol.swift */,
				065670332CB7FB7500CF58CB /* BaseTableViewCell.swift */,
			);
			path = Base;
			sourceTree = "<group>";
		};
		06B5282E2CB53D35001B36DF /* Common */ = {
			isa = PBXGroup;
			children = (
				0656702B2CB7B61B00CF58CB /* PosterCollectionCell.swift */,
				0656702D2CB7CE2000CF58CB /* recommendCollectionCell.swift */,
				065670A72CBACDAF00CF58CB /* CustomAlert.swift */,
				065670A92CBBAB2000CF58CB /* AlertType.swift */,
			);
			path = Common;
			sourceTree = "<group>";
		};
		06B528392CB6B219001B36DF /* Extension+ */ = {
			isa = PBXGroup;
			children = (
				06B5283C2CB6B239001B36DF /* UIColor+.swift */,
				06B528422CB6B551001B36DF /* UIImage+.swift */,
				06B5283A2CB6B22B001B36DF /* ReuseIdentifier+.swift */,
				06B5283E2CB6B247001B36DF /* Font+.swift */,
				065670312CB7E7A100CF58CB /* UITextField+.swift */,
			);
			path = "Extension+";
			sourceTree = "<group>";
		};
		06B528442CB6B70C001B36DF /* Detail */ = {
			isa = PBXGroup;
			children = (
				06B528452CB6B73B001B36DF /* DetailVC.swift */,
			);
			path = Detail;
			sourceTree = "<group>";
		};
		CCD50C582CBBA0F100E9AF74 /* Data */ = {
			isa = PBXGroup;
			children = (
				CCD50C722CBBC22E00E9AF74 /* Repositories */,
				CCD50C6B2CBBAAB200E9AF74 /* Network */,
				CCD50C6A2CBBAA9100E9AF74 /* DataSources */,
				CCD50C592CBBA12F00E9AF74 /* DTOs */,
			);
			path = Data;
			sourceTree = "<group>";
		};
		CCD50C592CBBA12F00E9AF74 /* DTOs */ = {
			isa = PBXGroup;
			children = (
				CCD50C752CBBD46F00E9AF74 /* Local */,
				CCD50C5B2CBBA15400E9AF74 /* Remote */,
			);
			path = DTOs;
			sourceTree = "<group>";
		};
		CCD50C5B2CBBA15400E9AF74 /* Remote */ = {
			isa = PBXGroup;
			children = (
				CCD50C5E2CBBA22100E9AF74 /* MediaSearchResultDTO.swift */,
				CCD50C602CBBA26400E9AF74 /* CompactMediaDTO.swift */,
				CCD50C622CBBA47100E9AF74 /* SimilarMediaListDTO.swift */,
				CCD50C662CBBA50300E9AF74 /* TrendMediaListDTO.swift */,
				CCD50C682CBBA53200E9AF74 /* MediaDetailDTO.swift */,
				CCD50C702CBBB4B500E9AF74 /* CastingListDTO.swift */,
			);
			path = Remote;
			sourceTree = "<group>";
		};
		CCD50C6A2CBBAA9100E9AF74 /* DataSources */ = {
			isa = PBXGroup;
			children = (
				CCD50C792CBBD54900E9AF74 /* Local */,
				CCD50C782CBBD54100E9AF74 /* Remote */,
			);
			path = DataSources;
			sourceTree = "<group>";
		};
		CCD50C6B2CBBAAB200E9AF74 /* Network */ = {
			isa = PBXGroup;
			children = (
				CCD50C6C2CBBAABA00E9AF74 /* TMDBRequest.swift */,
			);
			path = Network;
			sourceTree = "<group>";
		};
		CCD50C722CBBC22E00E9AF74 /* Repositories */ = {
			isa = PBXGroup;
			children = (
				CCD50C7D2CBBDA8300E9AF74 /* Local */,
				CCD50C7C2CBBDA7800E9AF74 /* Remote */,
			);
			path = Repositories;
			sourceTree = "<group>";
		};
		CCD50C752CBBD46F00E9AF74 /* Local */ = {
			isa = PBXGroup;
			children = (
				CCD50C762CBBD48B00E9AF74 /* FavoriteMovieDTO.swift */,
			);
			path = Local;
			sourceTree = "<group>";
		};
		CCD50C782CBBD54100E9AF74 /* Remote */ = {
			isa = PBXGroup;
			children = (
				CCD50C6E2CBBB20F00E9AF74 /* MediaDataSource.swift */,
			);
			path = Remote;
			sourceTree = "<group>";
		};
		CCD50C792CBBD54900E9AF74 /* Local */ = {
			isa = PBXGroup;
			children = (
				CCD50C7A2CBBD55500E9AF74 /* FavoriteMovieDataSource.swift */,
			);
			path = Local;
			sourceTree = "<group>";
		};
		CCD50C7C2CBBDA7800E9AF74 /* Remote */ = {
			isa = PBXGroup;
			children = (
				CCD50C732CBBC24A00E9AF74 /* DefaultTrendRepository.swift */,
			);
			path = Remote;
			sourceTree = "<group>";
		};
		CCD50C7D2CBBDA8300E9AF74 /* Local */ = {
			isa = PBXGroup;
			children = (
				CCD50C7E2CBBDA9600E9AF74 /* DefaultFavoriteRepository.swift */,
			);
			path = Local;
			sourceTree = "<group>";
		};
		CEED57C72CB78801007D7487 /* Domain */ = {
			isa = PBXGroup;
			children = (
				CEED57C82CB78BAB007D7487 /* Entities */,
				CEED57CA2CB78BBA007D7487 /* Interfaces */,
				CEED57C92CB78BB1007D7487 /* UseCases */,
			);
			path = Domain;
			sourceTree = "<group>";
		};
		CEED57C82CB78BAB007D7487 /* Entities */ = {
			isa = PBXGroup;
			children = (
				CEBC66632CB93C6D00DBD2DB /* MediaType.swift */,
				CEBC665D2CB926D800DBD2DB /* CompactMedia.swift */,
				CEBC665F2CB926F700DBD2DB /* DetailMedia.swift */,
				CEED57DE2CB7BF34007D7487 /* MediaContent.swift */,
			);
			path = Entities;
			sourceTree = "<group>";
		};
		CEED57C92CB78BB1007D7487 /* UseCases */ = {
			isa = PBXGroup;
			children = (
				CEED57E22CB7F221007D7487 /* HomeUseCase.swift */,
				CEED57E42CB7F2B0007D7487 /* SearchUseCase.swift */,
				CEED57E62CB7F2CA007D7487 /* FavoriteUseCase.swift */,
				CEED57E82CB7F2D3007D7487 /* DetailUseCase.swift */,
			);
			path = UseCases;
			sourceTree = "<group>";
		};
		CEED57CA2CB78BBA007D7487 /* Interfaces */ = {
			isa = PBXGroup;
			children = (
				CEED57EC2CB805B2007D7487 /* TrendRepository.swift */,
				CEED57EE2CB805BB007D7487 /* SearchRepository.swift */,
				CEED57EA2CB805A4007D7487 /* FavoriteRepository.swift */,
				CEED57F02CB805C3007D7487 /* DetailRepository.swift */,
				CEED57F22CB80C87007D7487 /* SimilarRepository.swift */,
			);
			path = Interfaces;
			sourceTree = "<group>";
		};
/* End PBXGroup section */

/* Begin PBXNativeTarget section */
		06B527EE2CB51E2C001B36DF /* MangomMovie */ = {
			isa = PBXNativeTarget;
			buildConfigurationList = 06B528032CB51E2E001B36DF /* Build configuration list for PBXNativeTarget "MangomMovie" */;
			buildPhases = (
				06B527EB2CB51E2C001B36DF /* Sources */,
				06B527EC2CB51E2C001B36DF /* Frameworks */,
				06B527ED2CB51E2C001B36DF /* Resources */,
				06B5281E2CB53787001B36DF /* Embed Frameworks */,
			);
			buildRules = (
			);
			dependencies = (
			);
			name = MangomMovie;
			packageProductDependencies = (
				06B5280A2CB52081001B36DF /* Kingfisher */,
				06B5280D2CB52096001B36DF /* RealmSwift */,
				06B528102CB520BF001B36DF /* Moya */,
				06B528132CB520CD001B36DF /* SnapKit */,
				06B528162CB520FA001B36DF /* RxCocoa */,
				06B528182CB520FA001B36DF /* RxSwift */,
				06B5281B2CB52125001B36DF /* IQKeyboardManagerSwift */,
			);
			productName = MangomMovie;
			productReference = 06B527EF2CB51E2C001B36DF /* MangomMovie.app */;
			productType = "com.apple.product-type.application";
		};
/* End PBXNativeTarget section */

/* Begin PBXProject section */
		06B527E72CB51E2C001B36DF /* Project object */ = {
			isa = PBXProject;
			attributes = {
				BuildIndependentTargetsInParallel = 1;
				LastSwiftUpdateCheck = 1540;
				LastUpgradeCheck = 1540;
				TargetAttributes = {
					06B527EE2CB51E2C001B36DF = {
						CreatedOnToolsVersion = 15.4;
					};
				};
			};
			buildConfigurationList = 06B527EA2CB51E2C001B36DF /* Build configuration list for PBXProject "MangomMovie" */;
			compatibilityVersion = "Xcode 14.0";
			developmentRegion = en;
			hasScannedForEncodings = 0;
			knownRegions = (
				en,
				Base,
			);
			mainGroup = 06B527E62CB51E2C001B36DF;
			packageReferences = (
				06B528092CB52081001B36DF /* XCRemoteSwiftPackageReference "Kingfisher" */,
				06B5280C2CB52096001B36DF /* XCRemoteSwiftPackageReference "realm-swift" */,
				06B5280F2CB520BF001B36DF /* XCRemoteSwiftPackageReference "Moya" */,
				06B528122CB520CD001B36DF /* XCRemoteSwiftPackageReference "SnapKit" */,
				06B528152CB520FA001B36DF /* XCRemoteSwiftPackageReference "RxSwift" */,
				06B5281A2CB52125001B36DF /* XCRemoteSwiftPackageReference "IQKeyboardManager" */,
			);
			productRefGroup = 06B527F02CB51E2C001B36DF /* Products */;
			projectDirPath = "";
			projectRoot = "";
			targets = (
				06B527EE2CB51E2C001B36DF /* MangomMovie */,
			);
		};
/* End PBXProject section */

/* Begin PBXResourcesBuildPhase section */
		06B527ED2CB51E2C001B36DF /* Resources */ = {
			isa = PBXResourcesBuildPhase;
			buildActionMask = 2147483647;
			files = (
				06B528072CB51E4B001B36DF /* .gitignore in Resources */,
				06B527FC2CB51E2E001B36DF /* Assets.xcassets in Resources */,
				06B527FF2CB51E2E001B36DF /* Base in Resources */,
			);
			runOnlyForDeploymentPostprocessing = 0;
		};
/* End PBXResourcesBuildPhase section */

/* Begin PBXSourcesBuildPhase section */
		06B527EB2CB51E2C001B36DF /* Sources */ = {
			isa = PBXSourcesBuildPhase;
			buildActionMask = 2147483647;
			files = (
				CEED57ED2CB805B2007D7487 /* TrendRepository.swift in Sources */,
				06B528352CB6B1C8001B36DF /* BaseCollectioViewCell.swift in Sources */,
				CCD50C672CBBA50300E9AF74 /* TrendMediaListDTO.swift in Sources */,
				06B528372CB6B1C8001B36DF /* BaseViewModel.swift in Sources */,
				065670A82CBACDAF00CF58CB /* CustomAlert.swift in Sources */,
				06B528292CB539A3001B36DF /* LikeVC.swift in Sources */,
				CEED57F32CB80C87007D7487 /* SimilarRepository.swift in Sources */,
				CCD50C7B2CBBD55500E9AF74 /* FavoriteMovieDataSource.swift in Sources */,
				065670A62CBACB6E00CF58CB /* TrendginVM.swift in Sources */,
				06B5283B2CB6B22B001B36DF /* ReuseIdentifier+.swift in Sources */,
				CCD50C692CBBA53200E9AF74 /* MediaDetailDTO.swift in Sources */,
				CEED57EF2CB805BB007D7487 /* SearchRepository.swift in Sources */,
				CCD50C742CBBC24A00E9AF74 /* DefaultTrendRepository.swift in Sources */,
				CEED57E52CB7F2B0007D7487 /* SearchUseCase.swift in Sources */,
				065670342CB7FB7500CF58CB /* BaseTableViewCell.swift in Sources */,
				06B528462CB6B73B001B36DF /* DetailVC.swift in Sources */,
				CEBC66642CB93C6D00DBD2DB /* MediaType.swift in Sources */,
				065670302CB7E62900CF58CB /* CollectionType.swift in Sources */,
				CCD50C612CBBA26400E9AF74 /* CompactMediaDTO.swift in Sources */,
				06B528272CB5399E001B36DF /* SearchVC.swift in Sources */,
				06B528432CB6B551001B36DF /* UIImage+.swift in Sources */,
				0656702C2CB7B61B00CF58CB /* PosterCollectionCell.swift in Sources */,
				CCD50C6D2CBBAABA00E9AF74 /* TMDBRequest.swift in Sources */,
				CCD50C772CBBD48B00E9AF74 /* FavoriteMovieDTO.swift in Sources */,
				0656702E2CB7CE2000CF58CB /* recommendCollectionCell.swift in Sources */,
				06B528412CB6B273001B36DF /* FetchImageProtocol.swift in Sources */,
				CEED57DF2CB7BF34007D7487 /* MediaContent.swift in Sources */,
				CEED57E92CB7F2D3007D7487 /* DetailUseCase.swift in Sources */,
				065670322CB7E7A100CF58CB /* UITextField+.swift in Sources */,
				CCD50C5F2CBBA22100E9AF74 /* MediaSearchResultDTO.swift in Sources */,
				CCD50C6F2CBBB20F00E9AF74 /* MediaDataSource.swift in Sources */,
				CCD50C632CBBA47100E9AF74 /* SimilarMediaListDTO.swift in Sources */,
				06B528252CB53995001B36DF /* TrendingVC.swift in Sources */,
				CEBC665E2CB926D800DBD2DB /* CompactMedia.swift in Sources */,
				06B528382CB6B1C8001B36DF /* BaseViewController.swift in Sources */,
				06B5283F2CB6B247001B36DF /* Font+.swift in Sources */,
				CEED57E72CB7F2CA007D7487 /* FavoriteUseCase.swift in Sources */,
				CCD50C7F2CBBDA9600E9AF74 /* DefaultFavoriteRepository.swift in Sources */,
				CEED57EB2CB805A4007D7487 /* FavoriteRepository.swift in Sources */,
				065670B02CBBD1DF00CF58CB /* SearchVM.swift in Sources */,
				065670AA2CBBAB2000CF58CB /* AlertType.swift in Sources */,
				06B528232CB53969001B36DF /* TabBarController.swift in Sources */,
				CCD50C712CBBB4B500E9AF74 /* CastingListDTO.swift in Sources */,
				CEED57F12CB805C3007D7487 /* DetailRepository.swift in Sources */,
				06B527F32CB51E2C001B36DF /* AppDelegate.swift in Sources */,
				CCD50C572CBBA0AB00E9AF74 /* APIKey.swift in Sources */,
				06B5283D2CB6B239001B36DF /* UIColor+.swift in Sources */,
				06B527F52CB51E2C001B36DF /* SceneDelegate.swift in Sources */,
				CEBC66602CB926F700DBD2DB /* DetailMedia.swift in Sources */,
				CEED57E32CB7F221007D7487 /* HomeUseCase.swift in Sources */,
				06B528342CB6B1C8001B36DF /* BaseView.swift in Sources */,
			);
			runOnlyForDeploymentPostprocessing = 0;
		};
/* End PBXSourcesBuildPhase section */

/* Begin PBXVariantGroup section */
		06B527FD2CB51E2E001B36DF /* LaunchScreen.storyboard */ = {
			isa = PBXVariantGroup;
			children = (
				06B527FE2CB51E2E001B36DF /* Base */,
			);
			name = LaunchScreen.storyboard;
			sourceTree = "<group>";
		};
/* End PBXVariantGroup section */

/* Begin XCBuildConfiguration section */
		06B528012CB51E2E001B36DF /* Debug */ = {
			isa = XCBuildConfiguration;
			buildSettings = {
				ALWAYS_SEARCH_USER_PATHS = NO;
				ASSETCATALOG_COMPILER_GENERATE_SWIFT_ASSET_SYMBOL_EXTENSIONS = YES;
				CLANG_ANALYZER_NONNULL = YES;
				CLANG_ANALYZER_NUMBER_OBJECT_CONVERSION = YES_AGGRESSIVE;
				CLANG_CXX_LANGUAGE_STANDARD = "gnu++20";
				CLANG_ENABLE_MODULES = YES;
				CLANG_ENABLE_OBJC_ARC = YES;
				CLANG_ENABLE_OBJC_WEAK = YES;
				CLANG_WARN_BLOCK_CAPTURE_AUTORELEASING = YES;
				CLANG_WARN_BOOL_CONVERSION = YES;
				CLANG_WARN_COMMA = YES;
				CLANG_WARN_CONSTANT_CONVERSION = YES;
				CLANG_WARN_DEPRECATED_OBJC_IMPLEMENTATIONS = YES;
				CLANG_WARN_DIRECT_OBJC_ISA_USAGE = YES_ERROR;
				CLANG_WARN_DOCUMENTATION_COMMENTS = YES;
				CLANG_WARN_EMPTY_BODY = YES;
				CLANG_WARN_ENUM_CONVERSION = YES;
				CLANG_WARN_INFINITE_RECURSION = YES;
				CLANG_WARN_INT_CONVERSION = YES;
				CLANG_WARN_NON_LITERAL_NULL_CONVERSION = YES;
				CLANG_WARN_OBJC_IMPLICIT_RETAIN_SELF = YES;
				CLANG_WARN_OBJC_LITERAL_CONVERSION = YES;
				CLANG_WARN_OBJC_ROOT_CLASS = YES_ERROR;
				CLANG_WARN_QUOTED_INCLUDE_IN_FRAMEWORK_HEADER = YES;
				CLANG_WARN_RANGE_LOOP_ANALYSIS = YES;
				CLANG_WARN_STRICT_PROTOTYPES = YES;
				CLANG_WARN_SUSPICIOUS_MOVE = YES;
				CLANG_WARN_UNGUARDED_AVAILABILITY = YES_AGGRESSIVE;
				CLANG_WARN_UNREACHABLE_CODE = YES;
				CLANG_WARN__DUPLICATE_METHOD_MATCH = YES;
				COPY_PHASE_STRIP = NO;
				DEBUG_INFORMATION_FORMAT = dwarf;
				ENABLE_STRICT_OBJC_MSGSEND = YES;
				ENABLE_TESTABILITY = YES;
				ENABLE_USER_SCRIPT_SANDBOXING = YES;
				GCC_C_LANGUAGE_STANDARD = gnu17;
				GCC_DYNAMIC_NO_PIC = NO;
				GCC_NO_COMMON_BLOCKS = YES;
				GCC_OPTIMIZATION_LEVEL = 0;
				GCC_PREPROCESSOR_DEFINITIONS = (
					"DEBUG=1",
					"$(inherited)",
				);
				GCC_WARN_64_TO_32_BIT_CONVERSION = YES;
				GCC_WARN_ABOUT_RETURN_TYPE = YES_ERROR;
				GCC_WARN_UNDECLARED_SELECTOR = YES;
				GCC_WARN_UNINITIALIZED_AUTOS = YES_AGGRESSIVE;
				GCC_WARN_UNUSED_FUNCTION = YES;
				GCC_WARN_UNUSED_VARIABLE = YES;
				IPHONEOS_DEPLOYMENT_TARGET = 17.5;
				LOCALIZATION_PREFERS_STRING_CATALOGS = YES;
				MTL_ENABLE_DEBUG_INFO = INCLUDE_SOURCE;
				MTL_FAST_MATH = YES;
				ONLY_ACTIVE_ARCH = YES;
				SDKROOT = iphoneos;
				SWIFT_ACTIVE_COMPILATION_CONDITIONS = "DEBUG $(inherited)";
				SWIFT_OPTIMIZATION_LEVEL = "-Onone";
			};
			name = Debug;
		};
		06B528022CB51E2E001B36DF /* Release */ = {
			isa = XCBuildConfiguration;
			buildSettings = {
				ALWAYS_SEARCH_USER_PATHS = NO;
				ASSETCATALOG_COMPILER_GENERATE_SWIFT_ASSET_SYMBOL_EXTENSIONS = YES;
				CLANG_ANALYZER_NONNULL = YES;
				CLANG_ANALYZER_NUMBER_OBJECT_CONVERSION = YES_AGGRESSIVE;
				CLANG_CXX_LANGUAGE_STANDARD = "gnu++20";
				CLANG_ENABLE_MODULES = YES;
				CLANG_ENABLE_OBJC_ARC = YES;
				CLANG_ENABLE_OBJC_WEAK = YES;
				CLANG_WARN_BLOCK_CAPTURE_AUTORELEASING = YES;
				CLANG_WARN_BOOL_CONVERSION = YES;
				CLANG_WARN_COMMA = YES;
				CLANG_WARN_CONSTANT_CONVERSION = YES;
				CLANG_WARN_DEPRECATED_OBJC_IMPLEMENTATIONS = YES;
				CLANG_WARN_DIRECT_OBJC_ISA_USAGE = YES_ERROR;
				CLANG_WARN_DOCUMENTATION_COMMENTS = YES;
				CLANG_WARN_EMPTY_BODY = YES;
				CLANG_WARN_ENUM_CONVERSION = YES;
				CLANG_WARN_INFINITE_RECURSION = YES;
				CLANG_WARN_INT_CONVERSION = YES;
				CLANG_WARN_NON_LITERAL_NULL_CONVERSION = YES;
				CLANG_WARN_OBJC_IMPLICIT_RETAIN_SELF = YES;
				CLANG_WARN_OBJC_LITERAL_CONVERSION = YES;
				CLANG_WARN_OBJC_ROOT_CLASS = YES_ERROR;
				CLANG_WARN_QUOTED_INCLUDE_IN_FRAMEWORK_HEADER = YES;
				CLANG_WARN_RANGE_LOOP_ANALYSIS = YES;
				CLANG_WARN_STRICT_PROTOTYPES = YES;
				CLANG_WARN_SUSPICIOUS_MOVE = YES;
				CLANG_WARN_UNGUARDED_AVAILABILITY = YES_AGGRESSIVE;
				CLANG_WARN_UNREACHABLE_CODE = YES;
				CLANG_WARN__DUPLICATE_METHOD_MATCH = YES;
				COPY_PHASE_STRIP = NO;
				DEBUG_INFORMATION_FORMAT = "dwarf-with-dsym";
				ENABLE_NS_ASSERTIONS = NO;
				ENABLE_STRICT_OBJC_MSGSEND = YES;
				ENABLE_USER_SCRIPT_SANDBOXING = YES;
				GCC_C_LANGUAGE_STANDARD = gnu17;
				GCC_NO_COMMON_BLOCKS = YES;
				GCC_WARN_64_TO_32_BIT_CONVERSION = YES;
				GCC_WARN_ABOUT_RETURN_TYPE = YES_ERROR;
				GCC_WARN_UNDECLARED_SELECTOR = YES;
				GCC_WARN_UNINITIALIZED_AUTOS = YES_AGGRESSIVE;
				GCC_WARN_UNUSED_FUNCTION = YES;
				GCC_WARN_UNUSED_VARIABLE = YES;
				IPHONEOS_DEPLOYMENT_TARGET = 17.5;
				LOCALIZATION_PREFERS_STRING_CATALOGS = YES;
				MTL_ENABLE_DEBUG_INFO = NO;
				MTL_FAST_MATH = YES;
				SDKROOT = iphoneos;
				SWIFT_COMPILATION_MODE = wholemodule;
				VALIDATE_PRODUCT = YES;
			};
			name = Release;
		};
		06B528042CB51E2E001B36DF /* Debug */ = {
			isa = XCBuildConfiguration;
			buildSettings = {
				ASSETCATALOG_COMPILER_APPICON_NAME = AppIcon;
				ASSETCATALOG_COMPILER_GLOBAL_ACCENT_COLOR_NAME = AccentColor;
				CODE_SIGN_STYLE = Automatic;
				CURRENT_PROJECT_VERSION = 1;
				DEVELOPMENT_TEAM = G9LS4YQCM2;
				GENERATE_INFOPLIST_FILE = YES;
				INFOPLIST_FILE = MangomMovie/Info.plist;
				INFOPLIST_KEY_CFBundleDisplayName = Mangom;
				INFOPLIST_KEY_UIApplicationSupportsIndirectInputEvents = YES;
				INFOPLIST_KEY_UILaunchStoryboardName = LaunchScreen;
				INFOPLIST_KEY_UIStatusBarStyle = "";
				INFOPLIST_KEY_UISupportedInterfaceOrientations = UIInterfaceOrientationPortrait;
				INFOPLIST_KEY_UISupportedInterfaceOrientations_iPad = UIInterfaceOrientationPortrait;
				IPHONEOS_DEPLOYMENT_TARGET = 15.0;
				LD_RUNPATH_SEARCH_PATHS = (
					"$(inherited)",
					"@executable_path/Frameworks",
				);
				MARKETING_VERSION = 1.0;
				PRODUCT_BUNDLE_IDENTIFIER = com.Sixteenis.MangomMovie;
				PRODUCT_NAME = "$(TARGET_NAME)";
				SUPPORTED_PLATFORMS = "iphoneos iphonesimulator";
				SUPPORTS_MACCATALYST = NO;
				SUPPORTS_MAC_DESIGNED_FOR_IPHONE_IPAD = NO;
				SUPPORTS_XR_DESIGNED_FOR_IPHONE_IPAD = NO;
				SWIFT_EMIT_LOC_STRINGS = YES;
				SWIFT_VERSION = 5.0;
				TARGETED_DEVICE_FAMILY = 1;
			};
			name = Debug;
		};
		06B528052CB51E2E001B36DF /* Release */ = {
			isa = XCBuildConfiguration;
			buildSettings = {
				ASSETCATALOG_COMPILER_APPICON_NAME = AppIcon;
				ASSETCATALOG_COMPILER_GLOBAL_ACCENT_COLOR_NAME = AccentColor;
				CODE_SIGN_STYLE = Automatic;
				CURRENT_PROJECT_VERSION = 1;
				DEVELOPMENT_TEAM = G9LS4YQCM2;
				GENERATE_INFOPLIST_FILE = YES;
				INFOPLIST_FILE = MangomMovie/Info.plist;
				INFOPLIST_KEY_CFBundleDisplayName = Mangom;
				INFOPLIST_KEY_UIApplicationSupportsIndirectInputEvents = YES;
				INFOPLIST_KEY_UILaunchStoryboardName = LaunchScreen;
				INFOPLIST_KEY_UIStatusBarStyle = "";
				INFOPLIST_KEY_UISupportedInterfaceOrientations = UIInterfaceOrientationPortrait;
				INFOPLIST_KEY_UISupportedInterfaceOrientations_iPad = UIInterfaceOrientationPortrait;
				IPHONEOS_DEPLOYMENT_TARGET = 15.0;
				LD_RUNPATH_SEARCH_PATHS = (
					"$(inherited)",
					"@executable_path/Frameworks",
				);
				MARKETING_VERSION = 1.0;
				PRODUCT_BUNDLE_IDENTIFIER = com.Sixteenis.MangomMovie;
				PRODUCT_NAME = "$(TARGET_NAME)";
				SUPPORTED_PLATFORMS = "iphoneos iphonesimulator";
				SUPPORTS_MACCATALYST = NO;
				SUPPORTS_MAC_DESIGNED_FOR_IPHONE_IPAD = NO;
				SUPPORTS_XR_DESIGNED_FOR_IPHONE_IPAD = NO;
				SWIFT_EMIT_LOC_STRINGS = YES;
				SWIFT_VERSION = 5.0;
				TARGETED_DEVICE_FAMILY = 1;
			};
			name = Release;
		};
/* End XCBuildConfiguration section */

/* Begin XCConfigurationList section */
		06B527EA2CB51E2C001B36DF /* Build configuration list for PBXProject "MangomMovie" */ = {
			isa = XCConfigurationList;
			buildConfigurations = (
				06B528012CB51E2E001B36DF /* Debug */,
				06B528022CB51E2E001B36DF /* Release */,
			);
			defaultConfigurationIsVisible = 0;
			defaultConfigurationName = Release;
		};
		06B528032CB51E2E001B36DF /* Build configuration list for PBXNativeTarget "MangomMovie" */ = {
			isa = XCConfigurationList;
			buildConfigurations = (
				06B528042CB51E2E001B36DF /* Debug */,
				06B528052CB51E2E001B36DF /* Release */,
			);
			defaultConfigurationIsVisible = 0;
			defaultConfigurationName = Release;
		};
/* End XCConfigurationList section */

/* Begin XCRemoteSwiftPackageReference section */
		06B528092CB52081001B36DF /* XCRemoteSwiftPackageReference "Kingfisher" */ = {
			isa = XCRemoteSwiftPackageReference;
			repositoryURL = "https://github.com/onevcat/Kingfisher.git";
			requirement = {
				kind = upToNextMajorVersion;
				minimumVersion = 8.0.3;
			};
		};
		06B5280C2CB52096001B36DF /* XCRemoteSwiftPackageReference "realm-swift" */ = {
			isa = XCRemoteSwiftPackageReference;
			repositoryURL = "https://github.com/realm/realm-swift.git";
			requirement = {
				branch = master;
				kind = branch;
			};
		};
		06B5280F2CB520BF001B36DF /* XCRemoteSwiftPackageReference "Moya" */ = {
			isa = XCRemoteSwiftPackageReference;
			repositoryURL = "https://github.com/Moya/Moya.git";
			requirement = {
				kind = upToNextMajorVersion;
				minimumVersion = 15.0.3;
			};
		};
		06B528122CB520CD001B36DF /* XCRemoteSwiftPackageReference "SnapKit" */ = {
			isa = XCRemoteSwiftPackageReference;
			repositoryURL = "https://github.com/SnapKit/SnapKit.git";
			requirement = {
				kind = upToNextMajorVersion;
				minimumVersion = 5.7.1;
			};
		};
		06B528152CB520FA001B36DF /* XCRemoteSwiftPackageReference "RxSwift" */ = {
			isa = XCRemoteSwiftPackageReference;
			repositoryURL = "https://github.com/ReactiveX/RxSwift.git";
			requirement = {
				kind = upToNextMajorVersion;
				minimumVersion = 6.8.0;
			};
		};
		06B5281A2CB52125001B36DF /* XCRemoteSwiftPackageReference "IQKeyboardManager" */ = {
			isa = XCRemoteSwiftPackageReference;
			repositoryURL = "https://github.com/hackiftekhar/IQKeyboardManager.git";
			requirement = {
				kind = upToNextMajorVersion;
				minimumVersion = 7.2.0;
			};
		};
/* End XCRemoteSwiftPackageReference section */

/* Begin XCSwiftPackageProductDependency section */
		06B5280A2CB52081001B36DF /* Kingfisher */ = {
			isa = XCSwiftPackageProductDependency;
			package = 06B528092CB52081001B36DF /* XCRemoteSwiftPackageReference "Kingfisher" */;
			productName = Kingfisher;
		};
		06B5280D2CB52096001B36DF /* RealmSwift */ = {
			isa = XCSwiftPackageProductDependency;
			package = 06B5280C2CB52096001B36DF /* XCRemoteSwiftPackageReference "realm-swift" */;
			productName = RealmSwift;
		};
		06B528102CB520BF001B36DF /* Moya */ = {
			isa = XCSwiftPackageProductDependency;
			package = 06B5280F2CB520BF001B36DF /* XCRemoteSwiftPackageReference "Moya" */;
			productName = Moya;
		};
		06B528132CB520CD001B36DF /* SnapKit */ = {
			isa = XCSwiftPackageProductDependency;
			package = 06B528122CB520CD001B36DF /* XCRemoteSwiftPackageReference "SnapKit" */;
			productName = SnapKit;
		};
		06B528162CB520FA001B36DF /* RxCocoa */ = {
			isa = XCSwiftPackageProductDependency;
			package = 06B528152CB520FA001B36DF /* XCRemoteSwiftPackageReference "RxSwift" */;
			productName = RxCocoa;
		};
		06B528182CB520FA001B36DF /* RxSwift */ = {
			isa = XCSwiftPackageProductDependency;
			package = 06B528152CB520FA001B36DF /* XCRemoteSwiftPackageReference "RxSwift" */;
			productName = RxSwift;
		};
		06B5281B2CB52125001B36DF /* IQKeyboardManagerSwift */ = {
			isa = XCSwiftPackageProductDependency;
			package = 06B5281A2CB52125001B36DF /* XCRemoteSwiftPackageReference "IQKeyboardManager" */;
			productName = IQKeyboardManagerSwift;
		};
/* End XCSwiftPackageProductDependency section */
	};
	rootObject = 06B527E72CB51E2C001B36DF /* Project object */;
}
